
Microsoft Visual Studio Solution File, Format Version 12.00
# Visual Studio Version 17
VisualStudioVersion = 17.5.33530.505
MinimumVisualStudioVersion = 10.0.40219.1
Project("{9A19103F-16F7-4668-BE54-9A1E7A4F7556}") = "TempElements", "TempElementsPO2\TempElements.csproj", "{2DA90876-2613-476A-9F89-ED31598241D4}"
EndProject
Project("{9A19103F-16F7-4668-BE54-9A1E7A4F7556}") = "Interfaces", "Interfaces\Interfaces.csproj", "{6EB29AF9-CB4E-48D0-99EC-3A59680A4C6F}"
EndProject
Project("{FAE04EC0-301F-11D3-BF4B-00C04F79EFBC}") = "ConsoleApp", "ConsoleApp\ConsoleApp.csproj", "{12BBD8F7-112A-4780-A842-1D0922551B11}"
EndProject
Global
	GlobalSection(SolutionConfigurationPlatforms) = preSolution
		Debug|Any CPU = Debug|Any CPU
		Release|Any CPU = Release|Any CPU
	EndGlobalSection
	GlobalSection(ProjectConfigurationPlatforms) = postSolution
		{2DA90876-2613-476A-9F89-ED31598241D4}.Debug|Any CPU.ActiveCfg = Debug|Any CPU
		{2DA90876-2613-476A-9F89-ED31598241D4}.Debug|Any CPU.Build.0 = Debug|Any CPU
		{2DA90876-2613-476A-9F89-ED31598241D4}.Release|Any CPU.ActiveCfg = Release|Any CPU
		{2DA90876-2613-476A-9F89-ED31598241D4}.Release|Any CPU.Build.0 = Release|Any CPU
		{6EB29AF9-CB4E-48D0-99EC-3A59680A4C6F}.Debug|Any CPU.ActiveCfg = Debug|Any CPU
		{6EB29AF9-CB4E-48D0-99EC-3A59680A4C6F}.Debug|Any CPU.Build.0 = Debug|Any CPU
		{6EB29AF9-CB4E-48D0-99EC-3A59680A4C6F}.Release|Any CPU.ActiveCfg = Release|Any CPU
		{6EB29AF9-CB4E-48D0-99EC-3A59680A4C6F}.Release|Any CPU.Build.0 = Release|Any CPU
		{12BBD8F7-112A-4780-A842-1D0922551B11}.Debug|Any CPU.ActiveCfg = Debug|Any CPU
		{12BBD8F7-112A-4780-A842-1D0922551B11}.Debug|Any CPU.Build.0 = Debug|Any CPU
		{12BBD8F7-112A-4780-A842-1D0922551B11}.Release|Any CPU.ActiveCfg = Release|Any CPU
		{12BBD8F7-112A-4780-A842-1D0922551B11}.Release|Any CPU.Build.0 = Release|Any CPU
	EndGlobalSection
	GlobalSection(SolutionProperties) = preSolution
		HideSolutionNode = FALSE
	EndGlobalSection
	GlobalSection(ExtensibilityGlobals) = postSolution
		SolutionGuid = {3B67EDE9-102E-455D-9242-0609C2E2082C}
	EndGlobalSection
EndGlobal
